
Microsoft Visual Studio Solution File, Format Version 12.00
# Visual Studio Version 16
VisualStudioVersion = 16.0.30523.141
MinimumVisualStudioVersion = 10.0.40219.1
Project("{FAE04EC0-301F-11D3-BF4B-00C04F79EFBC}") = "logintestapp.Android", "logintestapp.Android\logintestapp.Android.csproj", "{364833B0-BA7D-43E9-800B-93B75A433F14}"
EndProject
Project("{FAE04EC0-301F-11D3-BF4B-00C04F79EFBC}") = "logintestapp.iOS", "logintestapp.iOS\logintestapp.iOS.csproj", "{C9193C6B-5785-4891-8345-6B4A6885B69B}"
EndProject
Project("{FAE04EC0-301F-11D3-BF4B-00C04F79EFBC}") = "logintestapp", "logintestapp\logintestapp.csproj", "{023866BE-D097-4FE5-9B73-EED2A9A04BE7}"
EndProject
Global
	GlobalSection(SolutionConfigurationPlatforms) = preSolution
		Debug|Any CPU = Debug|Any CPU
		Debug|iPhone = Debug|iPhone
		Debug|iPhoneSimulator = Debug|iPhoneSimulator
		Release|Any CPU = Release|Any CPU
		Release|iPhone = Release|iPhone
		Release|iPhoneSimulator = Release|iPhoneSimulator
	EndGlobalSection
	GlobalSection(ProjectConfigurationPlatforms) = postSolution
		{364833B0-BA7D-43E9-800B-93B75A433F14}.Debug|Any CPU.ActiveCfg = Debug|Any CPU
		{364833B0-BA7D-43E9-800B-93B75A433F14}.Debug|Any CPU.Build.0 = Debug|Any CPU
		{364833B0-BA7D-43E9-800B-93B75A433F14}.Debug|Any CPU.Deploy.0 = Debug|Any CPU
		{364833B0-BA7D-43E9-800B-93B75A433F14}.Debug|iPhone.ActiveCfg = Debug|Any CPU
		{364833B0-BA7D-43E9-800B-93B75A433F14}.Debug|iPhone.Build.0 = Debug|Any CPU
		{364833B0-BA7D-43E9-800B-93B75A433F14}.Debug|iPhone.Deploy.0 = Debug|Any CPU
		{364833B0-BA7D-43E9-800B-93B75A433F14}.Debug|iPhoneSimulator.ActiveCfg = Debug|Any CPU
		{364833B0-BA7D-43E9-800B-93B75A433F14}.Debug|iPhoneSimulator.Build.0 = Debug|Any CPU
		{364833B0-BA7D-43E9-800B-93B75A433F14}.Debug|iPhoneSimulator.Deploy.0 = Debug|Any CPU
		{364833B0-BA7D-43E9-800B-93B75A433F14}.Release|Any CPU.ActiveCfg = Release|Any CPU
		{364833B0-BA7D-43E9-800B-93B75A433F14}.Release|Any CPU.Build.0 = Release|Any CPU
		{364833B0-BA7D-43E9-800B-93B75A433F14}.Release|Any CPU.Deploy.0 = Release|Any CPU
		{364833B0-BA7D-43E9-800B-93B75A433F14}.Release|iPhone.ActiveCfg = Release|Any CPU
		{364833B0-BA7D-43E9-800B-93B75A433F14}.Release|iPhone.Build.0 = Release|Any CPU
		{364833B0-BA7D-43E9-800B-93B75A433F14}.Release|iPhone.Deploy.0 = Release|Any CPU
		{364833B0-BA7D-43E9-800B-93B75A433F14}.Release|iPhoneSimulator.ActiveCfg = Release|Any CPU
		{364833B0-BA7D-43E9-800B-93B75A433F14}.Release|iPhoneSimulator.Build.0 = Release|Any CPU
		{364833B0-BA7D-43E9-800B-93B75A433F14}.Release|iPhoneSimulator.Deploy.0 = Release|Any CPU
		{C9193C6B-5785-4891-8345-6B4A6885B69B}.Debug|Any CPU.ActiveCfg = Debug|iPhone
		{C9193C6B-5785-4891-8345-6B4A6885B69B}.Debug|Any CPU.Build.0 = Debug|iPhone
		{C9193C6B-5785-4891-8345-6B4A6885B69B}.Debug|Any CPU.Deploy.0 = Debug|iPhone
		{C9193C6B-5785-4891-8345-6B4A6885B69B}.Debug|iPhone.ActiveCfg = Debug|iPhone
		{C9193C6B-5785-4891-8345-6B4A6885B69B}.Debug|iPhone.Build.0 = Debug|iPhone
		{C9193C6B-5785-4891-8345-6B4A6885B69B}.Debug|iPhone.Deploy.0 = Debug|iPhone
		{C9193C6B-5785-4891-8345-6B4A6885B69B}.Debug|iPhoneSimulator.ActiveCfg = Debug|iPhoneSimulator
		{C9193C6B-5785-4891-8345-6B4A6885B69B}.Debug|iPhoneSimulator.Build.0 = Debug|iPhoneSimulator
		{C9193C6B-5785-4891-8345-6B4A6885B69B}.Debug|iPhoneSimulator.Deploy.0 = Debug|iPhoneSimulator
		{C9193C6B-5785-4891-8345-6B4A6885B69B}.Release|Any CPU.ActiveCfg = Release|iPhoneSimulator
		{C9193C6B-5785-4891-8345-6B4A6885B69B}.Release|Any CPU.Build.0 = Release|iPhoneSimulator
		{C9193C6B-5785-4891-8345-6B4A6885B69B}.Release|Any CPU.Deploy.0 = Release|iPhoneSimulator
		{C9193C6B-5785-4891-8345-6B4A6885B69B}.Release|iPhone.ActiveCfg = Release|iPhone
		{C9193C6B-5785-4891-8345-6B4A6885B69B}.Release|iPhone.Build.0 = Release|iPhone
		{C9193C6B-5785-4891-8345-6B4A6885B69B}.Release|iPhone.Deploy.0 = Release|iPhone
		{C9193C6B-5785-4891-8345-6B4A6885B69B}.Release|iPhoneSimulator.ActiveCfg = Release|iPhoneSimulator
		{C9193C6B-5785-4891-8345-6B4A6885B69B}.Release|iPhoneSimulator.Build.0 = Release|iPhoneSimulator
		{C9193C6B-5785-4891-8345-6B4A6885B69B}.Release|iPhoneSimulator.Deploy.0 = Release|iPhoneSimulator
		{023866BE-D097-4FE5-9B73-EED2A9A04BE7}.Debug|Any CPU.ActiveCfg = Debug|Any CPU
		{023866BE-D097-4FE5-9B73-EED2A9A04BE7}.Debug|Any CPU.Build.0 = Debug|Any CPU
		{023866BE-D097-4FE5-9B73-EED2A9A04BE7}.Debug|Any CPU.Deploy.0 = Debug|Any CPU
		{023866BE-D097-4FE5-9B73-EED2A9A04BE7}.Debug|iPhone.ActiveCfg = Debug|Any CPU
		{023866BE-D097-4FE5-9B73-EED2A9A04BE7}.Debug|iPhone.Build.0 = Debug|Any CPU
		{023866BE-D097-4FE5-9B73-EED2A9A04BE7}.Debug|iPhone.Deploy.0 = Debug|Any CPU
		{023866BE-D097-4FE5-9B73-EED2A9A04BE7}.Debug|iPhoneSimulator.ActiveCfg = Debug|Any CPU
		{023866BE-D097-4FE5-9B73-EED2A9A04BE7}.Debug|iPhoneSimulator.Build.0 = Debug|Any CPU
		{023866BE-D097-4FE5-9B73-EED2A9A04BE7}.Debug|iPhoneSimulator.Deploy.0 = Debug|Any CPU
		{023866BE-D097-4FE5-9B73-EED2A9A04BE7}.Release|Any CPU.ActiveCfg = Release|Any CPU
		{023866BE-D097-4FE5-9B73-EED2A9A04BE7}.Release|Any CPU.Build.0 = Release|Any CPU
		{023866BE-D097-4FE5-9B73-EED2A9A04BE7}.Release|Any CPU.Deploy.0 = Release|Any CPU
		{023866BE-D097-4FE5-9B73-EED2A9A04BE7}.Release|iPhone.ActiveCfg = Release|Any CPU
		{023866BE-D097-4FE5-9B73-EED2A9A04BE7}.Release|iPhone.Build.0 = Release|Any CPU
		{023866BE-D097-4FE5-9B73-EED2A9A04BE7}.Release|iPhone.Deploy.0 = Release|Any CPU
		{023866BE-D097-4FE5-9B73-EED2A9A04BE7}.Release|iPhoneSimulator.ActiveCfg = Release|Any CPU
		{023866BE-D097-4FE5-9B73-EED2A9A04BE7}.Release|iPhoneSimulator.Build.0 = Release|Any CPU
		{023866BE-D097-4FE5-9B73-EED2A9A04BE7}.Release|iPhoneSimulator.Deploy.0 = Release|Any CPU
	EndGlobalSection
	GlobalSection(SolutionProperties) = preSolution
		HideSolutionNode = FALSE
	EndGlobalSection
	GlobalSection(ExtensibilityGlobals) = postSolution
		SolutionGuid = {E94411A6-A11F-4E16-B45C-60866EEB3FC0}
	EndGlobalSection
EndGlobal
